// !$*UTF8*$!
{
	archiveVersion = 1;
	classes = {
	};
	objectVersion = 50;
	objects = {

/* Begin PBXBuildFile section */
		7D77DDDB22B427A000F3978B /* AppDelegate.swift in Sources */ = {isa = PBXBuildFile; fileRef = 7D77DDDA22B427A000F3978B /* AppDelegate.swift */; };
		7D77DDDD22B427A000F3978B /* ViewController.swift in Sources */ = {isa = PBXBuildFile; fileRef = 7D77DDDC22B427A000F3978B /* ViewController.swift */; };
		7D77DDE022B427A000F3978B /* Main.storyboard in Resources */ = {isa = PBXBuildFile; fileRef = 7D77DDDE22B427A000F3978B /* Main.storyboard */; };
		7D77DDE222B427A200F3978B /* Assets.xcassets in Resources */ = {isa = PBXBuildFile; fileRef = 7D77DDE122B427A200F3978B /* Assets.xcassets */; };
		7D77DDE522B427A200F3978B /* LaunchScreen.storyboard in Resources */ = {isa = PBXBuildFile; fileRef = 7D77DDE322B427A200F3978B /* LaunchScreen.storyboard */; };
		7D77DDFE22B92CD900F3978B /* sound_6_dub.mp3 in Resources */ = {isa = PBXBuildFile; fileRef = 7D77DDF422B92CD800F3978B /* sound_6_dub.mp3 */; };
		7D77DDFF22B92CD900F3978B /* sound_0_dub.mp3 in Resources */ = {isa = PBXBuildFile; fileRef = 7D77DDF522B92CD800F3978B /* sound_0_dub.mp3 */; };
		7D77DE0022B92CD900F3978B /* sound_5_dub.mp3 in Resources */ = {isa = PBXBuildFile; fileRef = 7D77DDF622B92CD800F3978B /* sound_5_dub.mp3 */; };
		7D77DE0122B92CD900F3978B /* sound_3_dub.mp3 in Resources */ = {isa = PBXBuildFile; fileRef = 7D77DDF722B92CD800F3978B /* sound_3_dub.mp3 */; };
		7D77DE0222B92CD900F3978B /* sound_4_dub.mp3 in Resources */ = {isa = PBXBuildFile; fileRef = 7D77DDF822B92CD800F3978B /* sound_4_dub.mp3 */; };
		7D77DE0322B92CD900F3978B /* sound_2_dub.mp3 in Resources */ = {isa = PBXBuildFile; fileRef = 7D77DDF922B92CD800F3978B /* sound_2_dub.mp3 */; };
		7D77DE0422B92CD900F3978B /* sound_1_dub.mp3 in Resources */ = {isa = PBXBuildFile; fileRef = 7D77DDFA22B92CD900F3978B /* sound_1_dub.mp3 */; };
		7D77DE0522B92CD900F3978B /* sound_7_dub.mp3 in Resources */ = {isa = PBXBuildFile; fileRef = 7D77DDFB22B92CD900F3978B /* sound_7_dub.mp3 */; };
		7D77DE0622B92CD900F3978B /* sound_8_dub.mp3 in Resources */ = {isa = PBXBuildFile; fileRef = 7D77DDFC22B92CD900F3978B /* sound_8_dub.mp3 */; };
		7D77DE0722B92CD900F3978B /* sound_9_dub.mp3 in Resources */ = {isa = PBXBuildFile; fileRef = 7D77DDFD22B92CD900F3978B /* sound_9_dub.mp3 */; };
/* End PBXBuildFile section */

/* Begin PBXFileReference section */
		7D77DDD722B427A000F3978B /* Medium-Tutorial.app */ = {isa = PBXFileReference; explicitFileType = wrapper.application; includeInIndex = 0; path = "Medium-Tutorial.app"; sourceTree = BUILT_PRODUCTS_DIR; };
		7D77DDDA22B427A000F3978B /* AppDelegate.swift */ = {isa = PBXFileReference; lastKnownFileType = sourcecode.swift; path = AppDelegate.swift; sourceTree = "<group>"; };
		7D77DDDC22B427A000F3978B /* ViewController.swift */ = {isa = PBXFileReference; lastKnownFileType = sourcecode.swift; path = ViewController.swift; sourceTree = "<group>"; };
		7D77DDDF22B427A000F3978B /* Base */ = {isa = PBXFileReference; lastKnownFileType = file.storyboard; name = Base; path = Base.lproj/Main.storyboard; sourceTree = "<group>"; };
		7D77DDE122B427A200F3978B /* Assets.xcassets */ = {isa = PBXFileReference; lastKnownFileType = folder.assetcatalog; path = Assets.xcassets; sourceTree = "<group>"; };
		7D77DDE422B427A200F3978B /* Base */ = {isa = PBXFileReference; lastKnownFileType = file.storyboard; name = Base; path = Base.lproj/LaunchScreen.storyboard; sourceTree = "<group>"; };
		7D77DDE622B427A200F3978B /* Info.plist */ = {isa = PBXFileReference; lastKnownFileType = text.plist.xml; path = Info.plist; sourceTree = "<group>"; };
		7D77DDF422B92CD800F3978B /* sound_6_dub.mp3 */ = {isa = PBXFileReference; lastKnownFileType = audio.mp3; path = sound_6_dub.mp3; sourceTree = "<group>"; };
		7D77DDF522B92CD800F3978B /* sound_0_dub.mp3 */ = {isa = PBXFileReference; lastKnownFileType = audio.mp3; path = sound_0_dub.mp3; sourceTree = "<group>"; };
		7D77DDF622B92CD800F3978B /* sound_5_dub.mp3 */ = {isa = PBXFileReference; lastKnownFileType = audio.mp3; path = sound_5_dub.mp3; sourceTree = "<group>"; };
		7D77DDF722B92CD800F3978B /* sound_3_dub.mp3 */ = {isa = PBXFileReference; lastKnownFileType = audio.mp3; path = sound_3_dub.mp3; sourceTree = "<group>"; };
		7D77DDF822B92CD800F3978B /* sound_4_dub.mp3 */ = {isa = PBXFileReference; lastKnownFileType = audio.mp3; path = sound_4_dub.mp3; sourceTree = "<group>"; };
		7D77DDF922B92CD800F3978B /* sound_2_dub.mp3 */ = {isa = PBXFileReference; lastKnownFileType = audio.mp3; path = sound_2_dub.mp3; sourceTree = "<group>"; };
		7D77DDFA22B92CD900F3978B /* sound_1_dub.mp3 */ = {isa = PBXFileReference; lastKnownFileType = audio.mp3; path = sound_1_dub.mp3; sourceTree = "<group>"; };
		7D77DDFB22B92CD900F3978B /* sound_7_dub.mp3 */ = {isa = PBXFileReference; lastKnownFileType = audio.mp3; path = sound_7_dub.mp3; sourceTree = "<group>"; };
		7D77DDFC22B92CD900F3978B /* sound_8_dub.mp3 */ = {isa = PBXFileReference; lastKnownFileType = audio.mp3; path = sound_8_dub.mp3; sourceTree = "<group>"; };
		7D77DDFD22B92CD900F3978B /* sound_9_dub.mp3 */ = {isa = PBXFileReference; lastKnownFileType = audio.mp3; path = sound_9_dub.mp3; sourceTree = "<group>"; };
/* End PBXFileReference section */

/* Begin PBXFrameworksBuildPhase section */
		7D77DDD422B4279F00F3978B /* Frameworks */ = {
			isa = PBXFrameworksBuildPhase;
			buildActionMask = 2147483647;
			files = (
			);
			runOnlyForDeploymentPostprocessing = 0;
		};
/* End PBXFrameworksBuildPhase section */

/* Begin PBXGroup section */
		7D77DDCE22B4279F00F3978B = {
			isa = PBXGroup;
			children = (
				7D77DDD922B427A000F3978B /* Medium-Tutorial */,
				7D77DDD822B427A000F3978B /* Products */,
			);
			sourceTree = "<group>";
		};
		7D77DDD822B427A000F3978B /* Products */ = {
			isa = PBXGroup;
			children = (
				7D77DDD722B427A000F3978B /* Medium-Tutorial.app */,
			);
			name = Products;
			sourceTree = "<group>";
		};
		7D77DDD922B427A000F3978B /* Medium-Tutorial */ = {
			isa = PBXGroup;
			children = (
				7D77DDDA22B427A000F3978B /* AppDelegate.swift */,
				7D77DDDC22B427A000F3978B /* ViewController.swift */,
				7D77DDDE22B427A000F3978B /* Main.storyboard */,
				7D77DDE122B427A200F3978B /* Assets.xcassets */,
				7D77DDE322B427A200F3978B /* LaunchScreen.storyboard */,
				7D77DDE622B427A200F3978B /* Info.plist */,
				7D77DDF522B92CD800F3978B /* sound_0_dub.mp3 */,
				7D77DDFA22B92CD900F3978B /* sound_1_dub.mp3 */,
				7D77DDF922B92CD800F3978B /* sound_2_dub.mp3 */,
				7D77DDF722B92CD800F3978B /* sound_3_dub.mp3 */,
				7D77DDF822B92CD800F3978B /* sound_4_dub.mp3 */,
				7D77DDF622B92CD800F3978B /* sound_5_dub.mp3 */,
				7D77DDF422B92CD800F3978B /* sound_6_dub.mp3 */,
				7D77DDFB22B92CD900F3978B /* sound_7_dub.mp3 */,
				7D77DDFC22B92CD900F3978B /* sound_8_dub.mp3 */,
				7D77DDFD22B92CD900F3978B /* sound_9_dub.mp3 */,
			);
			path = "Medium-Tutorial";
			sourceTree = "<group>";
		};
/* End PBXGroup section */

/* Begin PBXNativeTarget section */
		7D77DDD622B4279F00F3978B /* Medium-Tutorial */ = {
			isa = PBXNativeTarget;
			buildConfigurationList = 7D77DDE922B427A200F3978B /* Build configuration list for PBXNativeTarget "Medium-Tutorial" */;
			buildPhases = (
				7D77DDD322B4279F00F3978B /* Sources */,
				7D77DDD422B4279F00F3978B /* Frameworks */,
				7D77DDD522B4279F00F3978B /* Resources */,
			);
			buildRules = (
			);
			dependencies = (
			);
			name = "Medium-Tutorial";
			productName = "Medium-Tutorial";
			productReference = 7D77DDD722B427A000F3978B /* Medium-Tutorial.app */;
			productType = "com.apple.product-type.application";
		};
/* End PBXNativeTarget section */

/* Begin PBXProject section */
		7D77DDCF22B4279F00F3978B /* Project object */ = {
			isa = PBXProject;
			attributes = {
				LastSwiftUpdateCheck = 1020;
				LastUpgradeCheck = 1020;
				ORGANIZATIONNAME = "iago salomon";
				TargetAttributes = {
					7D77DDD622B4279F00F3978B = {
						CreatedOnToolsVersion = 10.2.1;
					};
				};
			};
			buildConfigurationList = 7D77DDD222B4279F00F3978B /* Build configuration list for PBXProject "Medium-Tutorial" */;
			compatibilityVersion = "Xcode 9.3";
			developmentRegion = en;
			hasScannedForEncodings = 0;
			knownRegions = (
				en,
				Base,
			);
			mainGroup = 7D77DDCE22B4279F00F3978B;
			productRefGroup = 7D77DDD822B427A000F3978B /* Products */;
			projectDirPath = "";
			projectRoot = "";
			targets = (
				7D77DDD622B4279F00F3978B /* Medium-Tutorial */,
			);
		};
/* End PBXProject section */

/* Begin PBXResourcesBuildPhase section */
		7D77DDD522B4279F00F3978B /* Resources */ = {
			isa = PBXResourcesBuildPhase;
			buildActionMask = 2147483647;
			files = (
				7D77DDE522B427A200F3978B /* LaunchScreen.storyboard in Resources */,
				7D77DE0422B92CD900F3978B /* sound_1_dub.mp3 in Resources */,
				7D77DE0522B92CD900F3978B /* sound_7_dub.mp3 in Resources */,
				7D77DDFE22B92CD900F3978B /* sound_6_dub.mp3 in Resources */,
				7D77DE0122B92CD900F3978B /* sound_3_dub.mp3 in Resources */,
				7D77DE0322B92CD900F3978B /* sound_2_dub.mp3 in Resources */,
				7D77DE0622B92CD900F3978B /* sound_8_dub.mp3 in Resources */,
				7D77DE0722B92CD900F3978B /* sound_9_dub.mp3 in Resources */,
				7D77DDFF22B92CD900F3978B /* sound_0_dub.mp3 in Resources */,
				7D77DE0222B92CD900F3978B /* sound_4_dub.mp3 in Resources */,
				7D77DDE222B427A200F3978B /* Assets.xcassets in Resources */,
				7D77DE0022B92CD900F3978B /* sound_5_dub.mp3 in Resources */,
				7D77DDE022B427A000F3978B /* Main.storyboard in Resources */,
			);
			runOnlyForDeploymentPostprocessing = 0;
		};
/* End PBXResourcesBuildPhase section */

/* Begin PBXSourcesBuildPhase section */
		7D77DDD322B4279F00F3978B /* Sources */ = {
			isa = PBXSourcesBuildPhase;
			buildActionMask = 2147483647;
			files = (
				7D77DDDD22B427A000F3978B /* ViewController.swift in Sources */,
				7D77DDDB22B427A000F3978B /* AppDelegate.swift in Sources */,
			);
			runOnlyForDeploymentPostprocessing = 0;
		};
/* End PBXSourcesBuildPhase section */

/* Begin PBXVariantGroup section */
		7D77DDDE22B427A000F3978B /* Main.storyboard */ = {
			isa = PBXVariantGroup;
			children = (
				7D77DDDF22B427A000F3978B /* Base */,
			);
			name = Main.storyboard;
			sourceTree = "<group>";
		};
		7D77DDE322B427A200F3978B /* LaunchScreen.storyboard */ = {
			isa = PBXVariantGroup;
			children = (
				7D77DDE422B427A200F3978B /* Base */,
			);
			name = LaunchScreen.storyboard;
			sourceTree = "<group>";
		};
/* End PBXVariantGroup section */

/* Begin XCBuildConfiguration section */
		7D77DDE722B427A200F3978B /* Debug */ = {
			isa = XCBuildConfiguration;
			buildSettings = {
				ALWAYS_SEARCH_USER_PATHS = NO;
				CLANG_ANALYZER_NONNULL = YES;
				CLANG_ANALYZER_NUMBER_OBJECT_CONVERSION = YES_AGGRESSIVE;
				CLANG_CXX_LANGUAGE_STANDARD = "gnu++14";
				CLANG_CXX_LIBRARY = "libc++";
				CLANG_ENABLE_MODULES = YES;
				CLANG_ENABLE_OBJC_ARC = YES;
				CLANG_ENABLE_OBJC_WEAK = YES;
				CLANG_WARN_BLOCK_CAPTURE_AUTORELEASING = YES;
				CLANG_WARN_BOOL_CONVERSION = YES;
				CLANG_WARN_COMMA = YES;
				CLANG_WARN_CONSTANT_CONVERSION = YES;
				CLANG_WARN_DEPRECATED_OBJC_IMPLEMENTATIONS = YES;
				CLANG_WARN_DIRECT_OBJC_ISA_USAGE = YES_ERROR;
				CLANG_WARN_DOCUMENTATION_COMMENTS = YES;
				CLANG_WARN_EMPTY_BODY = YES;
				CLANG_WARN_ENUM_CONVERSION = YES;
				CLANG_WARN_INFINITE_RECURSION = YES;
				CLANG_WARN_INT_CONVERSION = YES;
				CLANG_WARN_NON_LITERAL_NULL_CONVERSION = YES;
				CLANG_WARN_OBJC_IMPLICIT_RETAIN_SELF = YES;
				CLANG_WARN_OBJC_LITERAL_CONVERSION = YES;
				CLANG_WARN_OBJC_ROOT_CLASS = YES_ERROR;
				CLANG_WARN_RANGE_LOOP_ANALYSIS = YES;
				CLANG_WARN_STRICT_PROTOTYPES = YES;
				CLANG_WARN_SUSPICIOUS_MOVE = YES;
				CLANG_WARN_UNGUARDED_AVAILABILITY = YES_AGGRESSIVE;
				CLANG_WARN_UNREACHABLE_CODE = YES;
				CLANG_WARN__DUPLICATE_METHOD_MATCH = YES;
				CODE_SIGN_IDENTITY = "iPhone Developer";
				COPY_PHASE_STRIP = NO;
				DEBUG_INFORMATION_FORMAT = dwarf;
				ENABLE_STRICT_OBJC_MSGSEND = YES;
				ENABLE_TESTABILITY = YES;
				GCC_C_LANGUAGE_STANDARD = gnu11;
				GCC_DYNAMIC_NO_PIC = NO;
				GCC_NO_COMMON_BLOCKS = YES;
				GCC_OPTIMIZATION_LEVEL = 0;
				GCC_PREPROCESSOR_DEFINITIONS = (
					"DEBUG=1",
					"$(inherited)",
				);
				GCC_WARN_64_TO_32_BIT_CONVERSION = YES;
				GCC_WARN_ABOUT_RETURN_TYPE = YES_ERROR;
				GCC_WARN_UNDECLARED_SELECTOR = YES;
				GCC_WARN_UNINITIALIZED_AUTOS = YES_AGGRESSIVE;
				GCC_WARN_UNUSED_FUNCTION = YES;
				GCC_WARN_UNUSED_VARIABLE = YES;
				IPHONEOS_DEPLOYMENT_TARGET = 12.2;
				MTL_ENABLE_DEBUG_INFO = INCLUDE_SOURCE;
				MTL_FAST_MATH = YES;
				ONLY_ACTIVE_ARCH = YES;
				SDKROOT = iphoneos;
				SWIFT_ACTIVE_COMPILATION_CONDITIONS = DEBUG;
				SWIFT_OPTIMIZATION_LEVEL = "-Onone";
			};
			name = Debug;
		};
		7D77DDE822B427A200F3978B /* Release */ = {
			isa = XCBuildConfiguration;
			buildSettings = {
				ALWAYS_SEARCH_USER_PATHS = NO;
				CLANG_ANALYZER_NONNULL = YES;
				CLANG_ANALYZER_NUMBER_OBJECT_CONVERSION = YES_AGGRESSIVE;
				CLANG_CXX_LANGUAGE_STANDARD = "gnu++14";
				CLANG_CXX_LIBRARY = "libc++";
				CLANG_ENABLE_MODULES = YES;
				CLANG_ENABLE_OBJC_ARC = YES;
				CLANG_ENABLE_OBJC_WEAK = YES;
				CLANG_WARN_BLOCK_CAPTURE_AUTORELEASING = YES;
				CLANG_WARN_BOOL_CONVERSION = YES;
				CLANG_WARN_COMMA = YES;
				CLANG_WARN_CONSTANT_CONVERSION = YES;
				CLANG_WARN_DEPRECATED_OBJC_IMPLEMENTATIONS = YES;
				CLANG_WARN_DIRECT_OBJC_ISA_USAGE = YES_ERROR;
				CLANG_WARN_DOCUMENTATION_COMMENTS = YES;
				CLANG_WARN_EMPTY_BODY = YES;
				CLANG_WARN_ENUM_CONVERSION = YES;
				CLANG_WARN_INFINITE_RECURSION = YES;
				CLANG_WARN_INT_CONVERSION = YES;
				CLANG_WARN_NON_LITERAL_NULL_CONVERSION = YES;
				CLANG_WARN_OBJC_IMPLICIT_RETAIN_SELF = YES;
				CLANG_WARN_OBJC_LITERAL_CONVERSION = YES;
				CLANG_WARN_OBJC_ROOT_CLASS = YES_ERROR;
				CLANG_WARN_RANGE_LOOP_ANALYSIS = YES;
				CLANG_WARN_STRICT_PROTOTYPES = YES;
				CLANG_WARN_SUSPICIOUS_MOVE = YES;
				CLANG_WARN_UNGUARDED_AVAILABILITY = YES_AGGRESSIVE;
				CLANG_WARN_UNREACHABLE_CODE = YES;
				CLANG_WARN__DUPLICATE_METHOD_MATCH = YES;
				CODE_SIGN_IDENTITY = "iPhone Developer";
				COPY_PHASE_STRIP = NO;
				DEBUG_INFORMATION_FORMAT = "dwarf-with-dsym";
				ENABLE_NS_ASSERTIONS = NO;
				ENABLE_STRICT_OBJC_MSGSEND = YES;
				GCC_C_LANGUAGE_STANDARD = gnu11;
				GCC_NO_COMMON_BLOCKS = YES;
				GCC_WARN_64_TO_32_BIT_CONVERSION = YES;
				GCC_WARN_ABOUT_RETURN_TYPE = YES_ERROR;
				GCC_WARN_UNDECLARED_SELECTOR = YES;
				GCC_WARN_UNINITIALIZED_AUTOS = YES_AGGRESSIVE;
				GCC_WARN_UNUSED_FUNCTION = YES;
				GCC_WARN_UNUSED_VARIABLE = YES;
				IPHONEOS_DEPLOYMENT_TARGET = 12.2;
				MTL_ENABLE_DEBUG_INFO = NO;
				MTL_FAST_MATH = YES;
				SDKROOT = iphoneos;
				SWIFT_COMPILATION_MODE = wholemodule;
				SWIFT_OPTIMIZATION_LEVEL = "-O";
				VALIDATE_PRODUCT = YES;
			};
			name = Release;
		};
		7D77DDEA22B427A200F3978B /* Debug */ = {
			isa = XCBuildConfiguration;
			buildSettings = {
				ASSETCATALOG_COMPILER_APPICON_NAME = AppIcon;
				CODE_SIGN_STYLE = Automatic;
				DEVELOPMENT_TEAM = 4UR6BVKFQM;
				INFOPLIST_FILE = "Medium-Tutorial/Info.plist";
				LD_RUNPATH_SEARCH_PATHS = (
					"$(inherited)",
					"@executable_path/Frameworks",
				);
				PRODUCT_BUNDLE_IDENTIFIER = "is.Medium-Tutorial";
				PRODUCT_NAME = "$(TARGET_NAME)";
				SWIFT_VERSION = 5.0;
				TARGETED_DEVICE_FAMILY = "1,2";
			};
			name = Debug;
		};
		7D77DDEB22B427A200F3978B /* Release */ = {
			isa = XCBuildConfiguration;
			buildSettings = {
				ASSETCATALOG_COMPILER_APPICON_NAME = AppIcon;
				CODE_SIGN_STYLE = Automatic;
				DEVELOPMENT_TEAM = 4UR6BVKFQM;
				INFOPLIST_FILE = "Medium-Tutorial/Info.plist";
				LD_RUNPATH_SEARCH_PATHS = (
					"$(inherited)",
					"@executable_path/Frameworks",
				);
				PRODUCT_BUNDLE_IDENTIFIER = "is.Medium-Tutorial";
				PRODUCT_NAME = "$(TARGET_NAME)";
				SWIFT_VERSION = 5.0;
				TARGETED_DEVICE_FAMILY = "1,2";
			};
			name = Release;
		};
/* End XCBuildConfiguration section */

/* Begin XCConfigurationList section */
		7D77DDD222B4279F00F3978B /* Build configuration list for PBXProject "Medium-Tutorial" */ = {
			isa = XCConfigurationList;
			buildConfigurations = (
				7D77DDE722B427A200F3978B /* Debug */,
				7D77DDE822B427A200F3978B /* Release */,
			);
			defaultConfigurationIsVisible = 0;
			defaultConfigurationName = Release;
		};
		7D77DDE922B427A200F3978B /* Build configuration list for PBXNativeTarget "Medium-Tutorial" */ = {
			isa = XCConfigurationList;
			buildConfigurations = (
				7D77DDEA22B427A200F3978B /* Debug */,
				7D77DDEB22B427A200F3978B /* Release */,
			);
			defaultConfigurationIsVisible = 0;
			defaultConfigurationName = Release;
		};
/* End XCConfigurationList section */
	};
	rootObject = 7D77DDCF22B4279F00F3978B /* Project object */;
}
